
Microsoft Visual Studio Solution File, Format Version 12.00
# Visual Studio Version 16
VisualStudioVersion = 16.0.29201.188
MinimumVisualStudioVersion = 10.0.40219.1
Project("{FAE04EC0-301F-11D3-BF4B-00C04F79EFBC}") = "RZ-AutoGemaControl", "RZ-AutoGemaControl\RZ-AutoGemaControl.csproj", "{351378BE-D7A4-4C0C-9FE3-28CA20A73B3B}"
EndProject
Project("{2150E333-8FDC-42A3-9474-1A3956D46DE8}") = "libs", "libs", "{CECD7164-632B-42FD-ABF4-0F810D429F68}"
EndProject
Project("{FAE04EC0-301F-11D3-BF4B-00C04F79EFBC}") = "Interface", "Interface\Interface.csproj", "{A5D34EE9-9B5A-4950-9F09-B6C7DEC1616B}"
EndProject
Project("{2150E333-8FDC-42A3-9474-1A3956D46DE8}") = "ComFace", "ComFace", "{FF2F780C-9B79-4A77-B349-1AFC65D7F8AA}"
EndProject
Project("{FAE04EC0-301F-11D3-BF4B-00C04F79EFBC}") = "ControlLib", "ControlLib\ControlLib.csproj", "{48D635B9-C4CD-438D-A131-1810E5B2801A}"
EndProject
Project("{2150E333-8FDC-42A3-9474-1A3956D46DE8}") = "ControlDevice", "ControlDevice", "{E74EA900-B36B-402D-8CEF-0154BAD8C338}"
EndProject
Project("{FAE04EC0-301F-11D3-BF4B-00C04F79EFBC}") = "ControlDec", "ControlDec\ControlDec.csproj", "{6073444A-1F07-484F-833D-1C39FB57CE5B}"
EndProject
Project("{2150E333-8FDC-42A3-9474-1A3956D46DE8}") = "Logs", "Logs", "{514DA5BD-065E-41B5-BEF2-09203C2A6DD8}"
EndProject
Project("{FAE04EC0-301F-11D3-BF4B-00C04F79EFBC}") = "LogInfo", "LogInfo\LogInfo.csproj", "{2E06950E-C1AC-49E2-BAD8-DAB9DF542DB1}"
EndProject
Project("{2150E333-8FDC-42A3-9474-1A3956D46DE8}") = "ParamtersLib", "ParamtersLib", "{A38D8265-4EEE-4185-B88C-59D37267C4B2}"
EndProject
Project("{FAE04EC0-301F-11D3-BF4B-00C04F79EFBC}") = "ParamtersLib", "ParamtersLib\ParamtersLib.csproj", "{FBB843F8-30D1-459B-88E5-959667185295}"
EndProject
Project("{2150E333-8FDC-42A3-9474-1A3956D46DE8}") = "window", "window", "{E8E59282-4845-4E0E-BC42-4CF38110CFF9}"
EndProject
Project("{FAE04EC0-301F-11D3-BF4B-00C04F79EFBC}") = "TwoFingerMainWindow", "TwoFingerMainWindow\TwoFingerMainWindow.csproj", "{E69034D4-AE88-4901-8C0E-0F30DB0B6BA8}"
EndProject
Project("{2150E333-8FDC-42A3-9474-1A3956D46DE8}") = "Servers", "Servers", "{614A7568-A58B-48D8-B8DA-1A38D5D9416E}"
EndProject
Project("{FAE04EC0-301F-11D3-BF4B-00C04F79EFBC}") = "ServerLib", "ServerLib\ServerLib.csproj", "{7A109048-B109-443D-96CD-0850AAF54A75}"
EndProject
Project("{2150E333-8FDC-42A3-9474-1A3956D46DE8}") = "ActionInterface", "ActionInterface", "{1E95212C-F254-465E-AB25-35369259349C}"
EndProject
Project("{FAE04EC0-301F-11D3-BF4B-00C04F79EFBC}") = "ActInterface", "ActInterface\ActInterface.csproj", "{EC248CD6-20D5-4E87-B2E8-100F2D14383B}"
EndProject
Project("{FAE04EC0-301F-11D3-BF4B-00C04F79EFBC}") = "TaskOption", "TaskOption\TaskOption.csproj", "{9FF3C6E8-080C-4859-BBC4-C8D1848B5EF0}"
EndProject
Global
	GlobalSection(SolutionConfigurationPlatforms) = preSolution
		Debug|Any CPU = Debug|Any CPU
		Debug|ARM = Debug|ARM
		Debug|ARM64 = Debug|ARM64
		Debug|x64 = Debug|x64
		Debug|x86 = Debug|x86
		Release|Any CPU = Release|Any CPU
		Release|ARM = Release|ARM
		Release|ARM64 = Release|ARM64
		Release|x64 = Release|x64
		Release|x86 = Release|x86
	EndGlobalSection
	GlobalSection(ProjectConfigurationPlatforms) = postSolution
		{351378BE-D7A4-4C0C-9FE3-28CA20A73B3B}.Debug|Any CPU.ActiveCfg = Debug|Any CPU
		{351378BE-D7A4-4C0C-9FE3-28CA20A73B3B}.Debug|Any CPU.Build.0 = Debug|Any CPU
		{351378BE-D7A4-4C0C-9FE3-28CA20A73B3B}.Debug|ARM.ActiveCfg = Debug|Any CPU
		{351378BE-D7A4-4C0C-9FE3-28CA20A73B3B}.Debug|ARM.Build.0 = Debug|Any CPU
		{351378BE-D7A4-4C0C-9FE3-28CA20A73B3B}.Debug|ARM64.ActiveCfg = Debug|Any CPU
		{351378BE-D7A4-4C0C-9FE3-28CA20A73B3B}.Debug|ARM64.Build.0 = Debug|Any CPU
		{351378BE-D7A4-4C0C-9FE3-28CA20A73B3B}.Debug|x64.ActiveCfg = Debug|x64
		{351378BE-D7A4-4C0C-9FE3-28CA20A73B3B}.Debug|x64.Build.0 = Debug|x64
		{351378BE-D7A4-4C0C-9FE3-28CA20A73B3B}.Debug|x86.ActiveCfg = Debug|Any CPU
		{351378BE-D7A4-4C0C-9FE3-28CA20A73B3B}.Debug|x86.Build.0 = Debug|Any CPU
		{351378BE-D7A4-4C0C-9FE3-28CA20A73B3B}.Release|Any CPU.ActiveCfg = Release|Any CPU
		{351378BE-D7A4-4C0C-9FE3-28CA20A73B3B}.Release|Any CPU.Build.0 = Release|Any CPU
		{351378BE-D7A4-4C0C-9FE3-28CA20A73B3B}.Release|ARM.ActiveCfg = Release|Any CPU
		{351378BE-D7A4-4C0C-9FE3-28CA20A73B3B}.Release|ARM.Build.0 = Release|Any CPU
		{351378BE-D7A4-4C0C-9FE3-28CA20A73B3B}.Release|ARM64.ActiveCfg = Release|Any CPU
		{351378BE-D7A4-4C0C-9FE3-28CA20A73B3B}.Release|ARM64.Build.0 = Release|Any CPU
		{351378BE-D7A4-4C0C-9FE3-28CA20A73B3B}.Release|x64.ActiveCfg = Release|Any CPU
		{351378BE-D7A4-4C0C-9FE3-28CA20A73B3B}.Release|x64.Build.0 = Release|Any CPU
		{351378BE-D7A4-4C0C-9FE3-28CA20A73B3B}.Release|x86.ActiveCfg = Release|Any CPU
		{351378BE-D7A4-4C0C-9FE3-28CA20A73B3B}.Release|x86.Build.0 = Release|Any CPU
		{A5D34EE9-9B5A-4950-9F09-B6C7DEC1616B}.Debug|Any CPU.ActiveCfg = Debug|Any CPU
		{A5D34EE9-9B5A-4950-9F09-B6C7DEC1616B}.Debug|Any CPU.Build.0 = Debug|Any CPU
		{A5D34EE9-9B5A-4950-9F09-B6C7DEC1616B}.Debug|ARM.ActiveCfg = Debug|Any CPU
		{A5D34EE9-9B5A-4950-9F09-B6C7DEC1616B}.Debug|ARM.Build.0 = Debug|Any CPU
		{A5D34EE9-9B5A-4950-9F09-B6C7DEC1616B}.Debug|ARM64.ActiveCfg = Debug|Any CPU
		{A5D34EE9-9B5A-4950-9F09-B6C7DEC1616B}.Debug|ARM64.Build.0 = Debug|Any CPU
		{A5D34EE9-9B5A-4950-9F09-B6C7DEC1616B}.Debug|x64.ActiveCfg = Debug|x64
		{A5D34EE9-9B5A-4950-9F09-B6C7DEC1616B}.Debug|x64.Build.0 = Debug|x64
		{A5D34EE9-9B5A-4950-9F09-B6C7DEC1616B}.Debug|x86.ActiveCfg = Debug|Any CPU
		{A5D34EE9-9B5A-4950-9F09-B6C7DEC1616B}.Debug|x86.Build.0 = Debug|Any CPU
		{A5D34EE9-9B5A-4950-9F09-B6C7DEC1616B}.Release|Any CPU.ActiveCfg = Release|Any CPU
		{A5D34EE9-9B5A-4950-9F09-B6C7DEC1616B}.Release|Any CPU.Build.0 = Release|Any CPU
		{A5D34EE9-9B5A-4950-9F09-B6C7DEC1616B}.Release|ARM.ActiveCfg = Release|Any CPU
		{A5D34EE9-9B5A-4950-9F09-B6C7DEC1616B}.Release|ARM.Build.0 = Release|Any CPU
		{A5D34EE9-9B5A-4950-9F09-B6C7DEC1616B}.Release|ARM64.ActiveCfg = Release|Any CPU
		{A5D34EE9-9B5A-4950-9F09-B6C7DEC1616B}.Release|ARM64.Build.0 = Release|Any CPU
		{A5D34EE9-9B5A-4950-9F09-B6C7DEC1616B}.Release|x64.ActiveCfg = Release|Any CPU
		{A5D34EE9-9B5A-4950-9F09-B6C7DEC1616B}.Release|x64.Build.0 = Release|Any CPU
		{A5D34EE9-9B5A-4950-9F09-B6C7DEC1616B}.Release|x86.ActiveCfg = Release|Any CPU
		{A5D34EE9-9B5A-4950-9F09-B6C7DEC1616B}.Release|x86.Build.0 = Release|Any CPU
		{48D635B9-C4CD-438D-A131-1810E5B2801A}.Debug|Any CPU.ActiveCfg = Debug|Any CPU
		{48D635B9-C4CD-438D-A131-1810E5B2801A}.Debug|Any CPU.Build.0 = Debug|Any CPU
		{48D635B9-C4CD-438D-A131-1810E5B2801A}.Debug|ARM.ActiveCfg = Debug|Any CPU
		{48D635B9-C4CD-438D-A131-1810E5B2801A}.Debug|ARM.Build.0 = Debug|Any CPU
		{48D635B9-C4CD-438D-A131-1810E5B2801A}.Debug|ARM64.ActiveCfg = Debug|Any CPU
		{48D635B9-C4CD-438D-A131-1810E5B2801A}.Debug|ARM64.Build.0 = Debug|Any CPU
		{48D635B9-C4CD-438D-A131-1810E5B2801A}.Debug|x64.ActiveCfg = Debug|x64
		{48D635B9-C4CD-438D-A131-1810E5B2801A}.Debug|x64.Build.0 = Debug|x64
		{48D635B9-C4CD-438D-A131-1810E5B2801A}.Debug|x86.ActiveCfg = Debug|Any CPU
		{48D635B9-C4CD-438D-A131-1810E5B2801A}.Debug|x86.Build.0 = Debug|Any CPU
		{48D635B9-C4CD-438D-A131-1810E5B2801A}.Release|Any CPU.ActiveCfg = Release|Any CPU
		{48D635B9-C4CD-438D-A131-1810E5B2801A}.Release|Any CPU.Build.0 = Release|Any CPU
		{48D635B9-C4CD-438D-A131-1810E5B2801A}.Release|ARM.ActiveCfg = Release|Any CPU
		{48D635B9-C4CD-438D-A131-1810E5B2801A}.Release|ARM.Build.0 = Release|Any CPU
		{48D635B9-C4CD-438D-A131-1810E5B2801A}.Release|ARM64.ActiveCfg = Release|Any CPU
		{48D635B9-C4CD-438D-A131-1810E5B2801A}.Release|ARM64.Build.0 = Release|Any CPU
		{48D635B9-C4CD-438D-A131-1810E5B2801A}.Release|x64.ActiveCfg = Release|Any CPU
		{48D635B9-C4CD-438D-A131-1810E5B2801A}.Release|x64.Build.0 = Release|Any CPU
		{48D635B9-C4CD-438D-A131-1810E5B2801A}.Release|x86.ActiveCfg = Release|Any CPU
		{48D635B9-C4CD-438D-A131-1810E5B2801A}.Release|x86.Build.0 = Release|Any CPU
		{6073444A-1F07-484F-833D-1C39FB57CE5B}.Debug|Any CPU.ActiveCfg = Debug|Any CPU
		{6073444A-1F07-484F-833D-1C39FB57CE5B}.Debug|Any CPU.Build.0 = Debug|Any CPU
		{6073444A-1F07-484F-833D-1C39FB57CE5B}.Debug|ARM.ActiveCfg = Debug|Any CPU
		{6073444A-1F07-484F-833D-1C39FB57CE5B}.Debug|ARM.Build.0 = Debug|Any CPU
		{6073444A-1F07-484F-833D-1C39FB57CE5B}.Debug|ARM64.ActiveCfg = Debug|Any CPU
		{6073444A-1F07-484F-833D-1C39FB57CE5B}.Debug|ARM64.Build.0 = Debug|Any CPU
		{6073444A-1F07-484F-833D-1C39FB57CE5B}.Debug|x64.ActiveCfg = Debug|x64
		{6073444A-1F07-484F-833D-1C39FB57CE5B}.Debug|x64.Build.0 = Debug|x64
		{6073444A-1F07-484F-833D-1C39FB57CE5B}.Debug|x86.ActiveCfg = Debug|Any CPU
		{6073444A-1F07-484F-833D-1C39FB57CE5B}.Debug|x86.Build.0 = Debug|Any CPU
		{6073444A-1F07-484F-833D-1C39FB57CE5B}.Release|Any CPU.ActiveCfg = Release|Any CPU
		{6073444A-1F07-484F-833D-1C39FB57CE5B}.Release|Any CPU.Build.0 = Release|Any CPU
		{6073444A-1F07-484F-833D-1C39FB57CE5B}.Release|ARM.ActiveCfg = Release|Any CPU
		{6073444A-1F07-484F-833D-1C39FB57CE5B}.Release|ARM.Build.0 = Release|Any CPU
		{6073444A-1F07-484F-833D-1C39FB57CE5B}.Release|ARM64.ActiveCfg = Release|Any CPU
		{6073444A-1F07-484F-833D-1C39FB57CE5B}.Release|ARM64.Build.0 = Release|Any CPU
		{6073444A-1F07-484F-833D-1C39FB57CE5B}.Release|x64.ActiveCfg = Release|Any CPU
		{6073444A-1F07-484F-833D-1C39FB57CE5B}.Release|x64.Build.0 = Release|Any CPU
		{6073444A-1F07-484F-833D-1C39FB57CE5B}.Release|x86.ActiveCfg = Release|Any CPU
		{6073444A-1F07-484F-833D-1C39FB57CE5B}.Release|x86.Build.0 = Release|Any CPU
		{2E06950E-C1AC-49E2-BAD8-DAB9DF542DB1}.Debug|Any CPU.ActiveCfg = Debug|Any CPU
		{2E06950E-C1AC-49E2-BAD8-DAB9DF542DB1}.Debug|Any CPU.Build.0 = Debug|Any CPU
		{2E06950E-C1AC-49E2-BAD8-DAB9DF542DB1}.Debug|ARM.ActiveCfg = Debug|Any CPU
		{2E06950E-C1AC-49E2-BAD8-DAB9DF542DB1}.Debug|ARM.Build.0 = Debug|Any CPU
		{2E06950E-C1AC-49E2-BAD8-DAB9DF542DB1}.Debug|ARM64.ActiveCfg = Debug|Any CPU
		{2E06950E-C1AC-49E2-BAD8-DAB9DF542DB1}.Debug|ARM64.Build.0 = Debug|Any CPU
		{2E06950E-C1AC-49E2-BAD8-DAB9DF542DB1}.Debug|x64.ActiveCfg = Debug|x64
		{2E06950E-C1AC-49E2-BAD8-DAB9DF542DB1}.Debug|x64.Build.0 = Debug|x64
		{2E06950E-C1AC-49E2-BAD8-DAB9DF542DB1}.Debug|x86.ActiveCfg = Debug|Any CPU
		{2E06950E-C1AC-49E2-BAD8-DAB9DF542DB1}.Debug|x86.Build.0 = Debug|Any CPU
		{2E06950E-C1AC-49E2-BAD8-DAB9DF542DB1}.Release|Any CPU.ActiveCfg = Release|Any CPU
		{2E06950E-C1AC-49E2-BAD8-DAB9DF542DB1}.Release|Any CPU.Build.0 = Release|Any CPU
		{2E06950E-C1AC-49E2-BAD8-DAB9DF542DB1}.Release|ARM.ActiveCfg = Release|Any CPU
		{2E06950E-C1AC-49E2-BAD8-DAB9DF542DB1}.Release|ARM.Build.0 = Release|Any CPU
		{2E06950E-C1AC-49E2-BAD8-DAB9DF542DB1}.Release|ARM64.ActiveCfg = Release|Any CPU
		{2E06950E-C1AC-49E2-BAD8-DAB9DF542DB1}.Release|ARM64.Build.0 = Release|Any CPU
		{2E06950E-C1AC-49E2-BAD8-DAB9DF542DB1}.Release|x64.ActiveCfg = Release|Any CPU
		{2E06950E-C1AC-49E2-BAD8-DAB9DF542DB1}.Release|x64.Build.0 = Release|Any CPU
		{2E06950E-C1AC-49E2-BAD8-DAB9DF542DB1}.Release|x86.ActiveCfg = Release|Any CPU
		{2E06950E-C1AC-49E2-BAD8-DAB9DF542DB1}.Release|x86.Build.0 = Release|Any CPU
		{FBB843F8-30D1-459B-88E5-959667185295}.Debug|Any CPU.ActiveCfg = Debug|Any CPU
		{FBB843F8-30D1-459B-88E5-959667185295}.Debug|Any CPU.Build.0 = Debug|Any CPU
		{FBB843F8-30D1-459B-88E5-959667185295}.Debug|ARM.ActiveCfg = Debug|Any CPU
		{FBB843F8-30D1-459B-88E5-959667185295}.Debug|ARM.Build.0 = Debug|Any CPU
		{FBB843F8-30D1-459B-88E5-959667185295}.Debug|ARM64.ActiveCfg = Debug|Any CPU
		{FBB843F8-30D1-459B-88E5-959667185295}.Debug|ARM64.Build.0 = Debug|Any CPU
		{FBB843F8-30D1-459B-88E5-959667185295}.Debug|x64.ActiveCfg = Debug|x64
		{FBB843F8-30D1-459B-88E5-959667185295}.Debug|x64.Build.0 = Debug|x64
		{FBB843F8-30D1-459B-88E5-959667185295}.Debug|x86.ActiveCfg = Debug|Any CPU
		{FBB843F8-30D1-459B-88E5-959667185295}.Debug|x86.Build.0 = Debug|Any CPU
		{FBB843F8-30D1-459B-88E5-959667185295}.Release|Any CPU.ActiveCfg = Release|Any CPU
		{FBB843F8-30D1-459B-88E5-959667185295}.Release|Any CPU.Build.0 = Release|Any CPU
		{FBB843F8-30D1-459B-88E5-959667185295}.Release|ARM.ActiveCfg = Release|Any CPU
		{FBB843F8-30D1-459B-88E5-959667185295}.Release|ARM.Build.0 = Release|Any CPU
		{FBB843F8-30D1-459B-88E5-959667185295}.Release|ARM64.ActiveCfg = Release|Any CPU
		{FBB843F8-30D1-459B-88E5-959667185295}.Release|ARM64.Build.0 = Release|Any CPU
		{FBB843F8-30D1-459B-88E5-959667185295}.Release|x64.ActiveCfg = Release|Any CPU
		{FBB843F8-30D1-459B-88E5-959667185295}.Release|x64.Build.0 = Release|Any CPU
		{FBB843F8-30D1-459B-88E5-959667185295}.Release|x86.ActiveCfg = Release|Any CPU
		{FBB843F8-30D1-459B-88E5-959667185295}.Release|x86.Build.0 = Release|Any CPU
		{E69034D4-AE88-4901-8C0E-0F30DB0B6BA8}.Debug|Any CPU.ActiveCfg = Debug|Any CPU
		{E69034D4-AE88-4901-8C0E-0F30DB0B6BA8}.Debug|Any CPU.Build.0 = Debug|Any CPU
		{E69034D4-AE88-4901-8C0E-0F30DB0B6BA8}.Debug|ARM.ActiveCfg = Debug|Any CPU
		{E69034D4-AE88-4901-8C0E-0F30DB0B6BA8}.Debug|ARM.Build.0 = Debug|Any CPU
		{E69034D4-AE88-4901-8C0E-0F30DB0B6BA8}.Debug|ARM64.ActiveCfg = Debug|Any CPU
		{E69034D4-AE88-4901-8C0E-0F30DB0B6BA8}.Debug|ARM64.Build.0 = Debug|Any CPU
		{E69034D4-AE88-4901-8C0E-0F30DB0B6BA8}.Debug|x64.ActiveCfg = Debug|x64
		{E69034D4-AE88-4901-8C0E-0F30DB0B6BA8}.Debug|x64.Build.0 = Debug|x64
		{E69034D4-AE88-4901-8C0E-0F30DB0B6BA8}.Debug|x86.ActiveCfg = Debug|Any CPU
		{E69034D4-AE88-4901-8C0E-0F30DB0B6BA8}.Debug|x86.Build.0 = Debug|Any CPU
		{E69034D4-AE88-4901-8C0E-0F30DB0B6BA8}.Release|Any CPU.ActiveCfg = Release|Any CPU
		{E69034D4-AE88-4901-8C0E-0F30DB0B6BA8}.Release|Any CPU.Build.0 = Release|Any CPU
		{E69034D4-AE88-4901-8C0E-0F30DB0B6BA8}.Release|ARM.ActiveCfg = Release|Any CPU
		{E69034D4-AE88-4901-8C0E-0F30DB0B6BA8}.Release|ARM.Build.0 = Release|Any CPU
		{E69034D4-AE88-4901-8C0E-0F30DB0B6BA8}.Release|ARM64.ActiveCfg = Release|Any CPU
		{E69034D4-AE88-4901-8C0E-0F30DB0B6BA8}.Release|ARM64.Build.0 = Release|Any CPU
		{E69034D4-AE88-4901-8C0E-0F30DB0B6BA8}.Release|x64.ActiveCfg = Release|Any CPU
		{E69034D4-AE88-4901-8C0E-0F30DB0B6BA8}.Release|x64.Build.0 = Release|Any CPU
		{E69034D4-AE88-4901-8C0E-0F30DB0B6BA8}.Release|x86.ActiveCfg = Release|Any CPU
		{E69034D4-AE88-4901-8C0E-0F30DB0B6BA8}.Release|x86.Build.0 = Release|Any CPU
		{7A109048-B109-443D-96CD-0850AAF54A75}.Debug|Any CPU.ActiveCfg = Debug|Any CPU
		{7A109048-B109-443D-96CD-0850AAF54A75}.Debug|Any CPU.Build.0 = Debug|Any CPU
		{7A109048-B109-443D-96CD-0850AAF54A75}.Debug|ARM.ActiveCfg = Debug|Any CPU
		{7A109048-B109-443D-96CD-0850AAF54A75}.Debug|ARM.Build.0 = Debug|Any CPU
		{7A109048-B109-443D-96CD-0850AAF54A75}.Debug|ARM64.ActiveCfg = Debug|Any CPU
		{7A109048-B109-443D-96CD-0850AAF54A75}.Debug|ARM64.Build.0 = Debug|Any CPU
		{7A109048-B109-443D-96CD-0850AAF54A75}.Debug|x64.ActiveCfg = Debug|Any CPU
		{7A109048-B109-443D-96CD-0850AAF54A75}.Debug|x64.Build.0 = Debug|Any CPU
		{7A109048-B109-443D-96CD-0850AAF54A75}.Debug|x86.ActiveCfg = Debug|Any CPU
		{7A109048-B109-443D-96CD-0850AAF54A75}.Debug|x86.Build.0 = Debug|Any CPU
		{7A109048-B109-443D-96CD-0850AAF54A75}.Release|Any CPU.ActiveCfg = Release|Any CPU
		{7A109048-B109-443D-96CD-0850AAF54A75}.Release|Any CPU.Build.0 = Release|Any CPU
		{7A109048-B109-443D-96CD-0850AAF54A75}.Release|ARM.ActiveCfg = Release|Any CPU
		{7A109048-B109-443D-96CD-0850AAF54A75}.Release|ARM.Build.0 = Release|Any CPU
		{7A109048-B109-443D-96CD-0850AAF54A75}.Release|ARM64.ActiveCfg = Release|Any CPU
		{7A109048-B109-443D-96CD-0850AAF54A75}.Release|ARM64.Build.0 = Release|Any CPU
		{7A109048-B109-443D-96CD-0850AAF54A75}.Release|x64.ActiveCfg = Release|Any CPU
		{7A109048-B109-443D-96CD-0850AAF54A75}.Release|x64.Build.0 = Release|Any CPU
		{7A109048-B109-443D-96CD-0850AAF54A75}.Release|x86.ActiveCfg = Release|Any CPU
		{7A109048-B109-443D-96CD-0850AAF54A75}.Release|x86.Build.0 = Release|Any CPU
		{EC248CD6-20D5-4E87-B2E8-100F2D14383B}.Debug|Any CPU.ActiveCfg = Debug|Any CPU
		{EC248CD6-20D5-4E87-B2E8-100F2D14383B}.Debug|Any CPU.Build.0 = Debug|Any CPU
		{EC248CD6-20D5-4E87-B2E8-100F2D14383B}.Debug|ARM.ActiveCfg = Debug|Any CPU
		{EC248CD6-20D5-4E87-B2E8-100F2D14383B}.Debug|ARM.Build.0 = Debug|Any CPU
		{EC248CD6-20D5-4E87-B2E8-100F2D14383B}.Debug|ARM64.ActiveCfg = Debug|Any CPU
		{EC248CD6-20D5-4E87-B2E8-100F2D14383B}.Debug|ARM64.Build.0 = Debug|Any CPU
		{EC248CD6-20D5-4E87-B2E8-100F2D14383B}.Debug|x64.ActiveCfg = Debug|Any CPU
		{EC248CD6-20D5-4E87-B2E8-100F2D14383B}.Debug|x64.Build.0 = Debug|Any CPU
		{EC248CD6-20D5-4E87-B2E8-100F2D14383B}.Debug|x86.ActiveCfg = Debug|Any CPU
		{EC248CD6-20D5-4E87-B2E8-100F2D14383B}.Debug|x86.Build.0 = Debug|Any CPU
		{EC248CD6-20D5-4E87-B2E8-100F2D14383B}.Release|Any CPU.ActiveCfg = Release|Any CPU
		{EC248CD6-20D5-4E87-B2E8-100F2D14383B}.Release|Any CPU.Build.0 = Release|Any CPU
		{EC248CD6-20D5-4E87-B2E8-100F2D14383B}.Release|ARM.ActiveCfg = Release|Any CPU
		{EC248CD6-20D5-4E87-B2E8-100F2D14383B}.Release|ARM.Build.0 = Release|Any CPU
		{EC248CD6-20D5-4E87-B2E8-100F2D14383B}.Release|ARM64.ActiveCfg = Release|Any CPU
		{EC248CD6-20D5-4E87-B2E8-100F2D14383B}.Release|ARM64.Build.0 = Release|Any CPU
		{EC248CD6-20D5-4E87-B2E8-100F2D14383B}.Release|x64.ActiveCfg = Release|Any CPU
		{EC248CD6-20D5-4E87-B2E8-100F2D14383B}.Release|x64.Build.0 = Release|Any CPU
		{EC248CD6-20D5-4E87-B2E8-100F2D14383B}.Release|x86.ActiveCfg = Release|Any CPU
		{EC248CD6-20D5-4E87-B2E8-100F2D14383B}.Release|x86.Build.0 = Release|Any CPU
		{9FF3C6E8-080C-4859-BBC4-C8D1848B5EF0}.Debug|Any CPU.ActiveCfg = Debug|Any CPU
		{9FF3C6E8-080C-4859-BBC4-C8D1848B5EF0}.Debug|Any CPU.Build.0 = Debug|Any CPU
		{9FF3C6E8-080C-4859-BBC4-C8D1848B5EF0}.Debug|ARM.ActiveCfg = Debug|Any CPU
		{9FF3C6E8-080C-4859-BBC4-C8D1848B5EF0}.Debug|ARM.Build.0 = Debug|Any CPU
		{9FF3C6E8-080C-4859-BBC4-C8D1848B5EF0}.Debug|ARM64.ActiveCfg = Debug|Any CPU
		{9FF3C6E8-080C-4859-BBC4-C8D1848B5EF0}.Debug|ARM64.Build.0 = Debug|Any CPU
		{9FF3C6E8-080C-4859-BBC4-C8D1848B5EF0}.Debug|x64.ActiveCfg = Debug|Any CPU
		{9FF3C6E8-080C-4859-BBC4-C8D1848B5EF0}.Debug|x64.Build.0 = Debug|Any CPU
		{9FF3C6E8-080C-4859-BBC4-C8D1848B5EF0}.Debug|x86.ActiveCfg = Debug|Any CPU
		{9FF3C6E8-080C-4859-BBC4-C8D1848B5EF0}.Debug|x86.Build.0 = Debug|Any CPU
		{9FF3C6E8-080C-4859-BBC4-C8D1848B5EF0}.Release|Any CPU.ActiveCfg = Release|Any CPU
		{9FF3C6E8-080C-4859-BBC4-C8D1848B5EF0}.Release|Any CPU.Build.0 = Release|Any CPU
		{9FF3C6E8-080C-4859-BBC4-C8D1848B5EF0}.Release|ARM.ActiveCfg = Release|Any CPU
		{9FF3C6E8-080C-4859-BBC4-C8D1848B5EF0}.Release|ARM.Build.0 = Release|Any CPU
		{9FF3C6E8-080C-4859-BBC4-C8D1848B5EF0}.Release|ARM64.ActiveCfg = Release|Any CPU
		{9FF3C6E8-080C-4859-BBC4-C8D1848B5EF0}.Release|ARM64.Build.0 = Release|Any CPU
		{9FF3C6E8-080C-4859-BBC4-C8D1848B5EF0}.Release|x64.ActiveCfg = Release|Any CPU
		{9FF3C6E8-080C-4859-BBC4-C8D1848B5EF0}.Release|x64.Build.0 = Release|Any CPU
		{9FF3C6E8-080C-4859-BBC4-C8D1848B5EF0}.Release|x86.ActiveCfg = Release|Any CPU
		{9FF3C6E8-080C-4859-BBC4-C8D1848B5EF0}.Release|x86.Build.0 = Release|Any CPU
	EndGlobalSection
	GlobalSection(SolutionProperties) = preSolution
		HideSolutionNode = FALSE
	EndGlobalSection
	GlobalSection(NestedProjects) = preSolution
		{FF2F780C-9B79-4A77-B349-1AFC65D7F8AA} = {CECD7164-632B-42FD-ABF4-0F810D429F68}
		{48D635B9-C4CD-438D-A131-1810E5B2801A} = {FF2F780C-9B79-4A77-B349-1AFC65D7F8AA}
		{E74EA900-B36B-402D-8CEF-0154BAD8C338} = {CECD7164-632B-42FD-ABF4-0F810D429F68}
		{6073444A-1F07-484F-833D-1C39FB57CE5B} = {E74EA900-B36B-402D-8CEF-0154BAD8C338}
		{514DA5BD-065E-41B5-BEF2-09203C2A6DD8} = {CECD7164-632B-42FD-ABF4-0F810D429F68}
		{2E06950E-C1AC-49E2-BAD8-DAB9DF542DB1} = {514DA5BD-065E-41B5-BEF2-09203C2A6DD8}
		{A38D8265-4EEE-4185-B88C-59D37267C4B2} = {CECD7164-632B-42FD-ABF4-0F810D429F68}
		{FBB843F8-30D1-459B-88E5-959667185295} = {A38D8265-4EEE-4185-B88C-59D37267C4B2}
		{E8E59282-4845-4E0E-BC42-4CF38110CFF9} = {CECD7164-632B-42FD-ABF4-0F810D429F68}
		{E69034D4-AE88-4901-8C0E-0F30DB0B6BA8} = {E8E59282-4845-4E0E-BC42-4CF38110CFF9}
		{614A7568-A58B-48D8-B8DA-1A38D5D9416E} = {CECD7164-632B-42FD-ABF4-0F810D429F68}
		{7A109048-B109-443D-96CD-0850AAF54A75} = {614A7568-A58B-48D8-B8DA-1A38D5D9416E}
		{1E95212C-F254-465E-AB25-35369259349C} = {CECD7164-632B-42FD-ABF4-0F810D429F68}
		{EC248CD6-20D5-4E87-B2E8-100F2D14383B} = {1E95212C-F254-465E-AB25-35369259349C}
		{9FF3C6E8-080C-4859-BBC4-C8D1848B5EF0} = {CECD7164-632B-42FD-ABF4-0F810D429F68}
	EndGlobalSection
	GlobalSection(ExtensibilityGlobals) = postSolution
		SolutionGuid = {B1419818-DB1A-4DD6-B578-B267193E9A37}
	EndGlobalSection
EndGlobal
